
Microsoft Visual Studio Solution File, Format Version 12.00
# Visual Studio Version 16
VisualStudioVersion = 16.0.30523.141
MinimumVisualStudioVersion = 10.0.40219.1
Project("{FAE04EC0-301F-11D3-BF4B-00C04F79EFBC}") = "SearchFight_CodingChallenge", "SearchFight_CodingChallenge\SearchFight_CodingChallenge.csproj", "{FC8C3554-A2B4-47ED-A625-E5217BDD8304}"
EndProject
Global
	GlobalSection(SolutionConfigurationPlatforms) = preSolution
		Debug|Any CPU = Debug|Any CPU
		Release|Any CPU = Release|Any CPU
	EndGlobalSection
	GlobalSection(ProjectConfigurationPlatforms) = postSolution
		{FC8C3554-A2B4-47ED-A625-E5217BDD8304}.Debug|Any CPU.ActiveCfg = Debug|Any CPU
		{FC8C3554-A2B4-47ED-A625-E5217BDD8304}.Debug|Any CPU.Build.0 = Debug|Any CPU
		{FC8C3554-A2B4-47ED-A625-E5217BDD8304}.Release|Any CPU.ActiveCfg = Release|Any CPU
		{FC8C3554-A2B4-47ED-A625-E5217BDD8304}.Release|Any CPU.Build.0 = Release|Any CPU
	EndGlobalSection
	GlobalSection(SolutionProperties) = preSolution
		HideSolutionNode = FALSE
	EndGlobalSection
	GlobalSection(ExtensibilityGlobals) = postSolution
		SolutionGuid = {019C8025-2097-491A-8F4D-AEC346366257}
	EndGlobalSection
EndGlobal
